
Microsoft Visual Studio Solution File, Format Version 12.00
# Visual Studio Version 16
VisualStudioVersion = 16.0.31729.503
MinimumVisualStudioVersion = 10.0.40219.1
Project("{FAE04EC0-301F-11D3-BF4B-00C04F79EFBC}") = "Decorator", "Decorator\Decorator.csproj", "{6CFCEF00-FF89-412E-A763-68142F1C5067}"
EndProject
Global
	GlobalSection(SolutionConfigurationPlatforms) = preSolution
		Debug|Any CPU = Debug|Any CPU
		Release|Any CPU = Release|Any CPU
	EndGlobalSection
	GlobalSection(ProjectConfigurationPlatforms) = postSolution
		{6CFCEF00-FF89-412E-A763-68142F1C5067}.Debug|Any CPU.ActiveCfg = Debug|Any CPU
		{6CFCEF00-FF89-412E-A763-68142F1C5067}.Debug|Any CPU.Build.0 = Debug|Any CPU
		{6CFCEF00-FF89-412E-A763-68142F1C5067}.Release|Any CPU.ActiveCfg = Release|Any CPU
		{6CFCEF00-FF89-412E-A763-68142F1C5067}.Release|Any CPU.Build.0 = Release|Any CPU
	EndGlobalSection
	GlobalSection(SolutionProperties) = preSolution
		HideSolutionNode = FALSE
	EndGlobalSection
	GlobalSection(ExtensibilityGlobals) = postSolution
		SolutionGuid = {E01BD75F-CEC8-4EE1-914C-DA80A2608ED6}
	EndGlobalSection
EndGlobal
